# This file is autogenerated, do not edit; changes may be undone by the next 'dep ensure'.


[[projects]]
  branch = "master"
  digest = "1:9207a9457e5dea3e8acae3a0fe81d32033ee40924478a5e2a0cfa2f614fdd09d"
  name = "github.com/vikstrous/zengge-lightcontrol"
  packages = [
    "control",
    "local",
  ]
  pruneopts = "UT"
  revision = "6613d030df9fdbfb24debdf69d36787067d0cddb"

[solve-meta]
  analyzer-name = "dep"
  analyzer-version = 1
  input-imports = [
    "github.com/vikstrous/zengge-lightcontrol/control",
    "github.com/vikstrous/zengge-lightcontrol/local",
  ]
  solver-name = "gps-cdcl"
  solver-version = 1
