# This file is autogenerated, do not edit; changes may be undone by the next 'dep ensure'.


[[projects]]
  name = "github.com/koron/go-dproxy"
  packages = ["."]
  revision = "fd990aff3734271e213a87f118319cf104bb2dd6"
  version = "v1.2.1"

[[projects]]
  branch = "master"
  name = "github.com/sndnvaps/yahoo_weather_api"
  packages = ["."]
  revision = "c6f235a6be11595da4d76cde46c38f20cea38661"

[solve-meta]
  analyzer-name = "dep"
  analyzer-version = 1
  inputs-digest = "8e03f5f4993c26dfc7fd751c7fdeaf5efab7bf4520daaa123a1ed682ed221ead"
  solver-name = "gps-cdcl"
  solver-version = 1
