# This file is autogenerated, do not edit; changes may be undone by the next 'dep ensure'.


[[projects]]
  digest = "1:2fe5d8812fb3efdb70391d50ab093ca614fb804d0e3d24abc896529748bd131b"
  name = "github.com/amimof/huego"
  packages = ["."]
  pruneopts = "UT"
  revision = "7269caaaa3e6041bf1f184e7c58cebf147fe70c6"
  version = "1.0.0"

[solve-meta]
  analyzer-name = "dep"
  analyzer-version = 1
  input-imports = ["github.com/amimof/huego"]
  solver-name = "gps-cdcl"
  solver-version = 1
